
Microsoft Visual Studio Solution File, Format Version 12.00
# Visual Studio Version 17
VisualStudioVersion = 17.4.33205.214
MinimumVisualStudioVersion = 10.0.40219.1
Project("{888888A0-9F3D-457C-B088-3A5042F75D52}") = "mäng", "mäng.pyproj", "{EC291FB8-0249-46C7-B3F4-C171978D8F64}"
EndProject
Global
	GlobalSection(SolutionConfigurationPlatforms) = preSolution
		Debug|Any CPU = Debug|Any CPU
		Release|Any CPU = Release|Any CPU
	EndGlobalSection
	GlobalSection(ProjectConfigurationPlatforms) = postSolution
		{EC291FB8-0249-46C7-B3F4-C171978D8F64}.Debug|Any CPU.ActiveCfg = Debug|Any CPU
		{EC291FB8-0249-46C7-B3F4-C171978D8F64}.Release|Any CPU.ActiveCfg = Release|Any CPU
	EndGlobalSection
	GlobalSection(SolutionProperties) = preSolution
		HideSolutionNode = FALSE
	EndGlobalSection
	GlobalSection(ExtensibilityGlobals) = postSolution
		SolutionGuid = {F7AD0F36-D358-417F-BBC2-9268552CADB9}
	EndGlobalSection
EndGlobal
